
Microsoft Visual Studio Solution File, Format Version 12.00
# Visual Studio Version 17
VisualStudioVersion = 17.5.33530.505
MinimumVisualStudioVersion = 10.0.40219.1
Project("{FAE04EC0-301F-11D3-BF4B-00C04F79EFBC}") = "A_bimeh_khodro", "A_bimeh_khodro\A_bimeh_khodro.csproj", "{A19299B3-4F31-4866-B47B-E843F01CE55B}"
EndProject
Global
	GlobalSection(SolutionConfigurationPlatforms) = preSolution
		Debug|Any CPU = Debug|Any CPU
		Release|Any CPU = Release|Any CPU
	EndGlobalSection
	GlobalSection(ProjectConfigurationPlatforms) = postSolution
		{A19299B3-4F31-4866-B47B-E843F01CE55B}.Debug|Any CPU.ActiveCfg = Debug|Any CPU
		{A19299B3-4F31-4866-B47B-E843F01CE55B}.Debug|Any CPU.Build.0 = Debug|Any CPU
		{A19299B3-4F31-4866-B47B-E843F01CE55B}.Release|Any CPU.ActiveCfg = Release|Any CPU
		{A19299B3-4F31-4866-B47B-E843F01CE55B}.Release|Any CPU.Build.0 = Release|Any CPU
	EndGlobalSection
	GlobalSection(SolutionProperties) = preSolution
		HideSolutionNode = FALSE
	EndGlobalSection
	GlobalSection(ExtensibilityGlobals) = postSolution
		SolutionGuid = {89280E6F-E148-4579-93E7-FAC9652C948D}
	EndGlobalSection
EndGlobal
